hash: 64094201fb3fede76748a56a0be66e7c2ecd3f4233fb5a65012f5337f2df83d2
updated: 2017-04-07T11:26:52.315587545+01:00
imports:
- name: github.com/jinzhu/gorm
  version: 5174cc5c242a728b435ea2be8a2f7f998e15429b
  subpackages:
  - dialects/postgres
- name: github.com/jinzhu/inflection
  version: 1c35d901db3da928c72a72d8458480cc9ade058f
- name: github.com/lib/pq
  version: 2704adc878c21e1329f46f6e56a1c387d788ff94
  subpackages:
  - hstore
  - oid
testImports: []
